
Microsoft Visual Studio Solution File, Format Version 12.00
# Visual Studio Version 17
VisualStudioVersion = 17.0.31903.59
MinimumVisualStudioVersion = 10.0.40219.1
Project("{FAE04EC0-301F-11D3-BF4B-00C04F79EFBC}") = "TinyRelay.Shared", "TinyRelay.Shared\TinyRelay.Shared.csproj", "{6B289203-27B0-4692-9CEA-BFB3C2155C62}"
EndProject
Project("{FAE04EC0-301F-11D3-BF4B-00C04F79EFBC}") = "TinyRelay.Server", "TinyRelay.Server\TinyRelay.Server.csproj", "{A4025F1A-FD59-45A5-843C-91712AD865F5}"
EndProject
Project("{FAE04EC0-301F-11D3-BF4B-00C04F79EFBC}") = "TinyRelay.Client", "TinyRelay.Client\TinyRelay.Client.csproj", "{BBDB9D2C-A203-454B-A82F-87240E847225}"
EndProject
Global
	GlobalSection(SolutionConfigurationPlatforms) = preSolution
		Debug|Any CPU = Debug|Any CPU
		Release|Any CPU = Release|Any CPU
	EndGlobalSection
	GlobalSection(SolutionProperties) = preSolution
		HideSolutionNode = FALSE
	EndGlobalSection
	GlobalSection(ProjectConfigurationPlatforms) = postSolution
		{6B289203-27B0-4692-9CEA-BFB3C2155C62}.Debug|Any CPU.ActiveCfg = Debug|Any CPU
		{6B289203-27B0-4692-9CEA-BFB3C2155C62}.Debug|Any CPU.Build.0 = Debug|Any CPU
		{6B289203-27B0-4692-9CEA-BFB3C2155C62}.Release|Any CPU.ActiveCfg = Release|Any CPU
		{6B289203-27B0-4692-9CEA-BFB3C2155C62}.Release|Any CPU.Build.0 = Release|Any CPU
		{A4025F1A-FD59-45A5-843C-91712AD865F5}.Debug|Any CPU.ActiveCfg = Debug|Any CPU
		{A4025F1A-FD59-45A5-843C-91712AD865F5}.Debug|Any CPU.Build.0 = Debug|Any CPU
		{A4025F1A-FD59-45A5-843C-91712AD865F5}.Release|Any CPU.ActiveCfg = Release|Any CPU
		{A4025F1A-FD59-45A5-843C-91712AD865F5}.Release|Any CPU.Build.0 = Release|Any CPU
		{BBDB9D2C-A203-454B-A82F-87240E847225}.Debug|Any CPU.ActiveCfg = Debug|Any CPU
		{BBDB9D2C-A203-454B-A82F-87240E847225}.Debug|Any CPU.Build.0 = Debug|Any CPU
		{BBDB9D2C-A203-454B-A82F-87240E847225}.Release|Any CPU.ActiveCfg = Release|Any CPU
		{BBDB9D2C-A203-454B-A82F-87240E847225}.Release|Any CPU.Build.0 = Release|Any CPU
	EndGlobalSection
EndGlobal
